
Microsoft Visual Studio Solution File, Format Version 12.00
# Visual Studio 15
VisualStudioVersion = 15.0.28307.1145
MinimumVisualStudioVersion = 10.0.40219.1
Project("{FAE04EC0-301F-11D3-BF4B-00C04F79EFBC}") = "088_PA9_JiaBao", "088_PA9_JiaBao\088_PA9_JiaBao.csproj", "{E1F99514-E4DB-4827-9531-65884E1D8E27}"
EndProject
Global
	GlobalSection(SolutionConfigurationPlatforms) = preSolution
		Debug|Any CPU = Debug|Any CPU
		Release|Any CPU = Release|Any CPU
	EndGlobalSection
	GlobalSection(ProjectConfigurationPlatforms) = postSolution
		{E1F99514-E4DB-4827-9531-65884E1D8E27}.Debug|Any CPU.ActiveCfg = Debug|Any CPU
		{E1F99514-E4DB-4827-9531-65884E1D8E27}.Debug|Any CPU.Build.0 = Debug|Any CPU
		{E1F99514-E4DB-4827-9531-65884E1D8E27}.Release|Any CPU.ActiveCfg = Release|Any CPU
		{E1F99514-E4DB-4827-9531-65884E1D8E27}.Release|Any CPU.Build.0 = Release|Any CPU
	EndGlobalSection
	GlobalSection(SolutionProperties) = preSolution
		HideSolutionNode = FALSE
	EndGlobalSection
	GlobalSection(ExtensibilityGlobals) = postSolution
		SolutionGuid = {5AE3B2E8-9F1D-4AC9-B4BE-50C756FBF9EF}
	EndGlobalSection
EndGlobal
